// !$*UTF8*$!
{
	archiveVersion = 1;
	classes = {
	};
	objectVersion = 56;
	objects = {

/* Begin PBXBuildFile section */
		79C5D8812B56001B00E6B21E /* AppDelegate.swift in Sources */ = {isa = PBXBuildFile; fileRef = 79C5D8802B56001B00E6B21E /* AppDelegate.swift */; };
		79C5D8832B56001B00E6B21E /* SceneDelegate.swift in Sources */ = {isa = PBXBuildFile; fileRef = 79C5D8822B56001B00E6B21E /* SceneDelegate.swift */; };
		79C5D8852B56001B00E6B21E /* MainViewController.swift in Sources */ = {isa = PBXBuildFile; fileRef = 79C5D8842B56001B00E6B21E /* MainViewController.swift */; };
		79C5D88B2B56001B00E6B21E /* iOS_HW22_Elena_Zelenova.xcdatamodeld in Sources */ = {isa = PBXBuildFile; fileRef = 79C5D8892B56001B00E6B21E /* iOS_HW22_Elena_Zelenova.xcdatamodeld */; };
		79C5D88D2B56001C00E6B21E /* Assets.xcassets in Resources */ = {isa = PBXBuildFile; fileRef = 79C5D88C2B56001C00E6B21E /* Assets.xcassets */; };
		79C5D8902B56001C00E6B21E /* LaunchScreen.storyboard in Resources */ = {isa = PBXBuildFile; fileRef = 79C5D88E2B56001C00E6B21E /* LaunchScreen.storyboard */; };
		79C5D89D2B5603D300E6B21E /* MainPresenter.swift in Sources */ = {isa = PBXBuildFile; fileRef = 79C5D89C2B5603D300E6B21E /* MainPresenter.swift */; };
		79C5D89F2B56041A00E6B21E /* DetailViewController.swift in Sources */ = {isa = PBXBuildFile; fileRef = 79C5D89E2B56041A00E6B21E /* DetailViewController.swift */; };
		79C5D8A12B56042900E6B21E /* DetailPresenter.swift in Sources */ = {isa = PBXBuildFile; fileRef = 79C5D8A02B56042900E6B21E /* DetailPresenter.swift */; };
		79C5D8A42B56047400E6B21E /* CoreDataManager.swift in Sources */ = {isa = PBXBuildFile; fileRef = 79C5D8A32B56047400E6B21E /* CoreDataManager.swift */; };
/* End PBXBuildFile section */

/* Begin PBXFileReference section */
		79C5D87D2B56001B00E6B21E /* iOS-HW22-Elena_Zelenova.app */ = {isa = PBXFileReference; explicitFileType = wrapper.application; includeInIndex = 0; path = "iOS-HW22-Elena_Zelenova.app"; sourceTree = BUILT_PRODUCTS_DIR; };
		79C5D8802B56001B00E6B21E /* AppDelegate.swift */ = {isa = PBXFileReference; lastKnownFileType = sourcecode.swift; path = AppDelegate.swift; sourceTree = "<group>"; };
		79C5D8822B56001B00E6B21E /* SceneDelegate.swift */ = {isa = PBXFileReference; lastKnownFileType = sourcecode.swift; path = SceneDelegate.swift; sourceTree = "<group>"; };
		79C5D8842B56001B00E6B21E /* MainViewController.swift */ = {isa = PBXFileReference; lastKnownFileType = sourcecode.swift; path = MainViewController.swift; sourceTree = "<group>"; };
		79C5D88A2B56001B00E6B21E /* iOS_HW22_Elena_Zelenova.xcdatamodel */ = {isa = PBXFileReference; lastKnownFileType = wrapper.xcdatamodel; path = iOS_HW22_Elena_Zelenova.xcdatamodel; sourceTree = "<group>"; };
		79C5D88C2B56001C00E6B21E /* Assets.xcassets */ = {isa = PBXFileReference; lastKnownFileType = folder.assetcatalog; path = Assets.xcassets; sourceTree = "<group>"; };
		79C5D88F2B56001C00E6B21E /* Base */ = {isa = PBXFileReference; lastKnownFileType = file.storyboard; name = Base; path = Base.lproj/LaunchScreen.storyboard; sourceTree = "<group>"; };
		79C5D8912B56001C00E6B21E /* Info.plist */ = {isa = PBXFileReference; lastKnownFileType = text.plist.xml; path = Info.plist; sourceTree = "<group>"; };
		79C5D89C2B5603D300E6B21E /* MainPresenter.swift */ = {isa = PBXFileReference; lastKnownFileType = sourcecode.swift; path = MainPresenter.swift; sourceTree = "<group>"; };
		79C5D89E2B56041A00E6B21E /* DetailViewController.swift */ = {isa = PBXFileReference; lastKnownFileType = sourcecode.swift; path = DetailViewController.swift; sourceTree = "<group>"; };
		79C5D8A02B56042900E6B21E /* DetailPresenter.swift */ = {isa = PBXFileReference; lastKnownFileType = sourcecode.swift; path = DetailPresenter.swift; sourceTree = "<group>"; };
		79C5D8A32B56047400E6B21E /* CoreDataManager.swift */ = {isa = PBXFileReference; lastKnownFileType = sourcecode.swift; path = CoreDataManager.swift; sourceTree = "<group>"; };
/* End PBXFileReference section */

/* Begin PBXFrameworksBuildPhase section */
		79C5D87A2B56001B00E6B21E /* Frameworks */ = {
			isa = PBXFrameworksBuildPhase;
			buildActionMask = 2147483647;
			files = (
			);
			runOnlyForDeploymentPostprocessing = 0;
		};
/* End PBXFrameworksBuildPhase section */

/* Begin PBXGroup section */
		79C5D8742B56001B00E6B21E = {
			isa = PBXGroup;
			children = (
				79C5D87F2B56001B00E6B21E /* iOS-HW22-Elena_Zelenova */,
				79C5D87E2B56001B00E6B21E /* Products */,
			);
			sourceTree = "<group>";
		};
		79C5D87E2B56001B00E6B21E /* Products */ = {
			isa = PBXGroup;
			children = (
				79C5D87D2B56001B00E6B21E /* iOS-HW22-Elena_Zelenova.app */,
			);
			name = Products;
			sourceTree = "<group>";
		};
		79C5D87F2B56001B00E6B21E /* iOS-HW22-Elena_Zelenova */ = {
			isa = PBXGroup;
			children = (
				79C5D8972B5601B200E6B21E /* App */,
				79C5D8992B56037C00E6B21E /* Sources */,
				79C5D8982B5602FE00E6B21E /* Resources */,
				79C5D8892B56001B00E6B21E /* iOS_HW22_Elena_Zelenova.xcdatamodeld */,
			);
			path = "iOS-HW22-Elena_Zelenova";
			sourceTree = "<group>";
		};
		79C5D8972B5601B200E6B21E /* App */ = {
			isa = PBXGroup;
			children = (
				79C5D8802B56001B00E6B21E /* AppDelegate.swift */,
				79C5D8822B56001B00E6B21E /* SceneDelegate.swift */,
			);
			path = App;
			sourceTree = "<group>";
		};
		79C5D8982B5602FE00E6B21E /* Resources */ = {
			isa = PBXGroup;
			children = (
				79C5D88C2B56001C00E6B21E /* Assets.xcassets */,
				79C5D88E2B56001C00E6B21E /* LaunchScreen.storyboard */,
				79C5D8912B56001C00E6B21E /* Info.plist */,
			);
			path = Resources;
			sourceTree = "<group>";
		};
		79C5D8992B56037C00E6B21E /* Sources */ = {
			isa = PBXGroup;
			children = (
				79C5D8A22B56045300E6B21E /* CoreDataManager */,
				79C5D89A2B56038A00E6B21E /* MainScreen */,
				79C5D89B2B5603A300E6B21E /* DetailScreen */,
			);
			path = Sources;
			sourceTree = "<group>";
		};
		79C5D89A2B56038A00E6B21E /* MainScreen */ = {
			isa = PBXGroup;
			children = (
				79C5D8842B56001B00E6B21E /* MainViewController.swift */,
				79C5D89C2B5603D300E6B21E /* MainPresenter.swift */,
			);
			path = MainScreen;
			sourceTree = "<group>";
		};
		79C5D89B2B5603A300E6B21E /* DetailScreen */ = {
			isa = PBXGroup;
			children = (
				79C5D89E2B56041A00E6B21E /* DetailViewController.swift */,
				79C5D8A02B56042900E6B21E /* DetailPresenter.swift */,
			);
			path = DetailScreen;
			sourceTree = "<group>";
		};
		79C5D8A22B56045300E6B21E /* CoreDataManager */ = {
			isa = PBXGroup;
			children = (
				79C5D8A32B56047400E6B21E /* CoreDataManager.swift */,
			);
			path = CoreDataManager;
			sourceTree = "<group>";
		};
/* End PBXGroup section */

/* Begin PBXNativeTarget section */
		79C5D87C2B56001B00E6B21E /* iOS-HW22-Elena_Zelenova */ = {
			isa = PBXNativeTarget;
			buildConfigurationList = 79C5D8942B56001C00E6B21E /* Build configuration list for PBXNativeTarget "iOS-HW22-Elena_Zelenova" */;
			buildPhases = (
				79C5D8792B56001B00E6B21E /* Sources */,
				79C5D87A2B56001B00E6B21E /* Frameworks */,
				79C5D87B2B56001B00E6B21E /* Resources */,
			);
			buildRules = (
			);
			dependencies = (
			);
			name = "iOS-HW22-Elena_Zelenova";
			productName = "iOS-HW22-Elena_Zelenova";
			productReference = 79C5D87D2B56001B00E6B21E /* iOS-HW22-Elena_Zelenova.app */;
			productType = "com.apple.product-type.application";
		};
/* End PBXNativeTarget section */

/* Begin PBXProject section */
		79C5D8752B56001B00E6B21E /* Project object */ = {
			isa = PBXProject;
			attributes = {
				BuildIndependentTargetsInParallel = 1;
				LastSwiftUpdateCheck = 1430;
				LastUpgradeCheck = 1430;
				TargetAttributes = {
					79C5D87C2B56001B00E6B21E = {
						CreatedOnToolsVersion = 14.3.1;
					};
				};
			};
			buildConfigurationList = 79C5D8782B56001B00E6B21E /* Build configuration list for PBXProject "iOS-HW22-Elena_Zelenova" */;
			compatibilityVersion = "Xcode 14.0";
			developmentRegion = en;
			hasScannedForEncodings = 0;
			knownRegions = (
				en,
				Base,
			);
			mainGroup = 79C5D8742B56001B00E6B21E;
			productRefGroup = 79C5D87E2B56001B00E6B21E /* Products */;
			projectDirPath = "";
			projectRoot = "";
			targets = (
				79C5D87C2B56001B00E6B21E /* iOS-HW22-Elena_Zelenova */,
			);
		};
/* End PBXProject section */

/* Begin PBXResourcesBuildPhase section */
		79C5D87B2B56001B00E6B21E /* Resources */ = {
			isa = PBXResourcesBuildPhase;
			buildActionMask = 2147483647;
			files = (
				79C5D8902B56001C00E6B21E /* LaunchScreen.storyboard in Resources */,
				79C5D88D2B56001C00E6B21E /* Assets.xcassets in Resources */,
			);
			runOnlyForDeploymentPostprocessing = 0;
		};
/* End PBXResourcesBuildPhase section */

/* Begin PBXSourcesBuildPhase section */
		79C5D8792B56001B00E6B21E /* Sources */ = {
			isa = PBXSourcesBuildPhase;
			buildActionMask = 2147483647;
			files = (
				79C5D88B2B56001B00E6B21E /* iOS_HW22_Elena_Zelenova.xcdatamodeld in Sources */,
				79C5D8852B56001B00E6B21E /* MainViewController.swift in Sources */,
				79C5D8812B56001B00E6B21E /* AppDelegate.swift in Sources */,
				79C5D89F2B56041A00E6B21E /* DetailViewController.swift in Sources */,
				79C5D8832B56001B00E6B21E /* SceneDelegate.swift in Sources */,
				79C5D8A12B56042900E6B21E /* DetailPresenter.swift in Sources */,
				79C5D8A42B56047400E6B21E /* CoreDataManager.swift in Sources */,
				79C5D89D2B5603D300E6B21E /* MainPresenter.swift in Sources */,
			);
			runOnlyForDeploymentPostprocessing = 0;
		};
/* End PBXSourcesBuildPhase section */

/* Begin PBXVariantGroup section */
		79C5D88E2B56001C00E6B21E /* LaunchScreen.storyboard */ = {
			isa = PBXVariantGroup;
			children = (
				79C5D88F2B56001C00E6B21E /* Base */,
			);
			name = LaunchScreen.storyboard;
			sourceTree = "<group>";
		};
/* End PBXVariantGroup section */

/* Begin XCBuildConfiguration section */
		79C5D8922B56001C00E6B21E /* Debug */ = {
			isa = XCBuildConfiguration;
			buildSettings = {
				ALWAYS_SEARCH_USER_PATHS = NO;
				CLANG_ANALYZER_NONNULL = YES;
				CLANG_ANALYZER_NUMBER_OBJECT_CONVERSION = YES_AGGRESSIVE;
				CLANG_CXX_LANGUAGE_STANDARD = "gnu++20";
				CLANG_ENABLE_MODULES = YES;
				CLANG_ENABLE_OBJC_ARC = YES;
				CLANG_ENABLE_OBJC_WEAK = YES;
				CLANG_WARN_BLOCK_CAPTURE_AUTORELEASING = YES;
				CLANG_WARN_BOOL_CONVERSION = YES;
				CLANG_WARN_COMMA = YES;
				CLANG_WARN_CONSTANT_CONVERSION = YES;
				CLANG_WARN_DEPRECATED_OBJC_IMPLEMENTATIONS = YES;
				CLANG_WARN_DIRECT_OBJC_ISA_USAGE = YES_ERROR;
				CLANG_WARN_DOCUMENTATION_COMMENTS = YES;
				CLANG_WARN_EMPTY_BODY = YES;
				CLANG_WARN_ENUM_CONVERSION = YES;
				CLANG_WARN_INFINITE_RECURSION = YES;
				CLANG_WARN_INT_CONVERSION = YES;
				CLANG_WARN_NON_LITERAL_NULL_CONVERSION = YES;
				CLANG_WARN_OBJC_IMPLICIT_RETAIN_SELF = YES;
				CLANG_WARN_OBJC_LITERAL_CONVERSION = YES;
				CLANG_WARN_OBJC_ROOT_CLASS = YES_ERROR;
				CLANG_WARN_QUOTED_INCLUDE_IN_FRAMEWORK_HEADER = YES;
				CLANG_WARN_RANGE_LOOP_ANALYSIS = YES;
				CLANG_WARN_STRICT_PROTOTYPES = YES;
				CLANG_WARN_SUSPICIOUS_MOVE = YES;
				CLANG_WARN_UNGUARDED_AVAILABILITY = YES_AGGRESSIVE;
				CLANG_WARN_UNREACHABLE_CODE = YES;
				CLANG_WARN__DUPLICATE_METHOD_MATCH = YES;
				COPY_PHASE_STRIP = NO;
				DEBUG_INFORMATION_FORMAT = dwarf;
				ENABLE_STRICT_OBJC_MSGSEND = YES;
				ENABLE_TESTABILITY = YES;
				GCC_C_LANGUAGE_STANDARD = gnu11;
				GCC_DYNAMIC_NO_PIC = NO;
				GCC_NO_COMMON_BLOCKS = YES;
				GCC_OPTIMIZATION_LEVEL = 0;
				GCC_PREPROCESSOR_DEFINITIONS = (
					"DEBUG=1",
					"$(inherited)",
				);
				GCC_WARN_64_TO_32_BIT_CONVERSION = YES;
				GCC_WARN_ABOUT_RETURN_TYPE = YES_ERROR;
				GCC_WARN_UNDECLARED_SELECTOR = YES;
				GCC_WARN_UNINITIALIZED_AUTOS = YES_AGGRESSIVE;
				GCC_WARN_UNUSED_FUNCTION = YES;
				GCC_WARN_UNUSED_VARIABLE = YES;
				IPHONEOS_DEPLOYMENT_TARGET = 16.4;
				MTL_ENABLE_DEBUG_INFO = INCLUDE_SOURCE;
				MTL_FAST_MATH = YES;
				ONLY_ACTIVE_ARCH = YES;
				SDKROOT = iphoneos;
				SWIFT_ACTIVE_COMPILATION_CONDITIONS = DEBUG;
				SWIFT_OPTIMIZATION_LEVEL = "-Onone";
			};
			name = Debug;
		};
		79C5D8932B56001C00E6B21E /* Release */ = {
			isa = XCBuildConfiguration;
			buildSettings = {
				ALWAYS_SEARCH_USER_PATHS = NO;
				CLANG_ANALYZER_NONNULL = YES;
				CLANG_ANALYZER_NUMBER_OBJECT_CONVERSION = YES_AGGRESSIVE;
				CLANG_CXX_LANGUAGE_STANDARD = "gnu++20";
				CLANG_ENABLE_MODULES = YES;
				CLANG_ENABLE_OBJC_ARC = YES;
				CLANG_ENABLE_OBJC_WEAK = YES;
				CLANG_WARN_BLOCK_CAPTURE_AUTORELEASING = YES;
				CLANG_WARN_BOOL_CONVERSION = YES;
				CLANG_WARN_COMMA = YES;
				CLANG_WARN_CONSTANT_CONVERSION = YES;
				CLANG_WARN_DEPRECATED_OBJC_IMPLEMENTATIONS = YES;
				CLANG_WARN_DIRECT_OBJC_ISA_USAGE = YES_ERROR;
				CLANG_WARN_DOCUMENTATION_COMMENTS = YES;
				CLANG_WARN_EMPTY_BODY = YES;
				CLANG_WARN_ENUM_CONVERSION = YES;
				CLANG_WARN_INFINITE_RECURSION = YES;
				CLANG_WARN_INT_CONVERSION = YES;
				CLANG_WARN_NON_LITERAL_NULL_CONVERSION = YES;
				CLANG_WARN_OBJC_IMPLICIT_RETAIN_SELF = YES;
				CLANG_WARN_OBJC_LITERAL_CONVERSION = YES;
				CLANG_WARN_OBJC_ROOT_CLASS = YES_ERROR;
				CLANG_WARN_QUOTED_INCLUDE_IN_FRAMEWORK_HEADER = YES;
				CLANG_WARN_RANGE_LOOP_ANALYSIS = YES;
				CLANG_WARN_STRICT_PROTOTYPES = YES;
				CLANG_WARN_SUSPICIOUS_MOVE = YES;
				CLANG_WARN_UNGUARDED_AVAILABILITY = YES_AGGRESSIVE;
				CLANG_WARN_UNREACHABLE_CODE = YES;
				CLANG_WARN__DUPLICATE_METHOD_MATCH = YES;
				COPY_PHASE_STRIP = NO;
				DEBUG_INFORMATION_FORMAT = "dwarf-with-dsym";
				ENABLE_NS_ASSERTIONS = NO;
				ENABLE_STRICT_OBJC_MSGSEND = YES;
				GCC_C_LANGUAGE_STANDARD = gnu11;
				GCC_NO_COMMON_BLOCKS = YES;
				GCC_WARN_64_TO_32_BIT_CONVERSION = YES;
				GCC_WARN_ABOUT_RETURN_TYPE = YES_ERROR;
				GCC_WARN_UNDECLARED_SELECTOR = YES;
				GCC_WARN_UNINITIALIZED_AUTOS = YES_AGGRESSIVE;
				GCC_WARN_UNUSED_FUNCTION = YES;
				GCC_WARN_UNUSED_VARIABLE = YES;
				IPHONEOS_DEPLOYMENT_TARGET = 16.4;
				MTL_ENABLE_DEBUG_INFO = NO;
				MTL_FAST_MATH = YES;
				SDKROOT = iphoneos;
				SWIFT_COMPILATION_MODE = wholemodule;
				SWIFT_OPTIMIZATION_LEVEL = "-O";
				VALIDATE_PRODUCT = YES;
			};
			name = Release;
		};
		79C5D8952B56001C00E6B21E /* Debug */ = {
			isa = XCBuildConfiguration;
			buildSettings = {
				ASSETCATALOG_COMPILER_APPICON_NAME = AppIcon;
				ASSETCATALOG_COMPILER_GLOBAL_ACCENT_COLOR_NAME = AccentColor;
				CODE_SIGN_STYLE = Automatic;
				CURRENT_PROJECT_VERSION = 1;
				DEVELOPMENT_TEAM = 544C5YL5XT;
				GENERATE_INFOPLIST_FILE = YES;
				INFOPLIST_FILE = "iOS-HW22-Elena_Zelenova/Resources/Info.plist";
				INFOPLIST_KEY_UIApplicationSupportsIndirectInputEvents = YES;
				INFOPLIST_KEY_UILaunchStoryboardName = LaunchScreen;
				INFOPLIST_KEY_UISupportedInterfaceOrientations_iPad = "UIInterfaceOrientationPortrait UIInterfaceOrientationPortraitUpsideDown UIInterfaceOrientationLandscapeLeft UIInterfaceOrientationLandscapeRight";
				INFOPLIST_KEY_UISupportedInterfaceOrientations_iPhone = "UIInterfaceOrientationPortrait UIInterfaceOrientationLandscapeLeft UIInterfaceOrientationLandscapeRight";
				LD_RUNPATH_SEARCH_PATHS = (
					"$(inherited)",
					"@executable_path/Frameworks",
				);
				MARKETING_VERSION = 1.0;
				PRODUCT_BUNDLE_IDENTIFIER = "com.my.iOS-HW22-Elena-Zelenova";
				PRODUCT_NAME = "$(TARGET_NAME)";
				SWIFT_EMIT_LOC_STRINGS = YES;
				SWIFT_VERSION = 5.0;
				TARGETED_DEVICE_FAMILY = "1,2";
			};
			name = Debug;
		};
		79C5D8962B56001C00E6B21E /* Release */ = {
			isa = XCBuildConfiguration;
			buildSettings = {
				ASSETCATALOG_COMPILER_APPICON_NAME = AppIcon;
				ASSETCATALOG_COMPILER_GLOBAL_ACCENT_COLOR_NAME = AccentColor;
				CODE_SIGN_STYLE = Automatic;
				CURRENT_PROJECT_VERSION = 1;
				DEVELOPMENT_TEAM = 544C5YL5XT;
				GENERATE_INFOPLIST_FILE = YES;
				INFOPLIST_FILE = "iOS-HW22-Elena_Zelenova/Resources/Info.plist";
				INFOPLIST_KEY_UIApplicationSupportsIndirectInputEvents = YES;
				INFOPLIST_KEY_UILaunchStoryboardName = LaunchScreen;
				INFOPLIST_KEY_UISupportedInterfaceOrientations_iPad = "UIInterfaceOrientationPortrait UIInterfaceOrientationPortraitUpsideDown UIInterfaceOrientationLandscapeLeft UIInterfaceOrientationLandscapeRight";
				INFOPLIST_KEY_UISupportedInterfaceOrientations_iPhone = "UIInterfaceOrientationPortrait UIInterfaceOrientationLandscapeLeft UIInterfaceOrientationLandscapeRight";
				LD_RUNPATH_SEARCH_PATHS = (
					"$(inherited)",
					"@executable_path/Frameworks",
				);
				MARKETING_VERSION = 1.0;
				PRODUCT_BUNDLE_IDENTIFIER = "com.my.iOS-HW22-Elena-Zelenova";
				PRODUCT_NAME = "$(TARGET_NAME)";
				SWIFT_EMIT_LOC_STRINGS = YES;
				SWIFT_VERSION = 5.0;
				TARGETED_DEVICE_FAMILY = "1,2";
			};
			name = Release;
		};
/* End XCBuildConfiguration section */

/* Begin XCConfigurationList section */
		79C5D8782B56001B00E6B21E /* Build configuration list for PBXProject "iOS-HW22-Elena_Zelenova" */ = {
			isa = XCConfigurationList;
			buildConfigurations = (
				79C5D8922B56001C00E6B21E /* Debug */,
				79C5D8932B56001C00E6B21E /* Release */,
			);
			defaultConfigurationIsVisible = 0;
			defaultConfigurationName = Release;
		};
		79C5D8942B56001C00E6B21E /* Build configuration list for PBXNativeTarget "iOS-HW22-Elena_Zelenova" */ = {
			isa = XCConfigurationList;
			buildConfigurations = (
				79C5D8952B56001C00E6B21E /* Debug */,
				79C5D8962B56001C00E6B21E /* Release */,
			);
			defaultConfigurationIsVisible = 0;
			defaultConfigurationName = Release;
		};
/* End XCConfigurationList section */

/* Begin XCVersionGroup section */
		79C5D8892B56001B00E6B21E /* iOS_HW22_Elena_Zelenova.xcdatamodeld */ = {
			isa = XCVersionGroup;
			children = (
				79C5D88A2B56001B00E6B21E /* iOS_HW22_Elena_Zelenova.xcdatamodel */,
			);
			currentVersion = 79C5D88A2B56001B00E6B21E /* iOS_HW22_Elena_Zelenova.xcdatamodel */;
			path = iOS_HW22_Elena_Zelenova.xcdatamodeld;
			sourceTree = "<group>";
			versionGroupType = wrapper.xcdatamodel;
		};
/* End XCVersionGroup section */
	};
	rootObject = 79C5D8752B56001B00E6B21E /* Project object */;
}
